
Microsoft Visual Studio Solution File, Format Version 11.00
# Visual Basic Express 2010
Project("{F184B08F-C81C-45F6-A57F-5ABD9991F28F}") = "AgileTester", "AgileTester\AgileTester.vbproj", "{A059A615-A537-46C9-B2BB-7B6D83C06101}"
EndProject
Project("{F184B08F-C81C-45F6-A57F-5ABD9991F28F}") = "AgileViewTester", "AgileViewTester\AgileViewTester.vbproj", "{B5285F38-9C91-46AD-9953-285392C5AFBC}"
EndProject
Project("{F184B08F-C81C-45F6-A57F-5ABD9991F28F}") = "Framework.Models", "Framework.Models\Framework.Models.vbproj", "{6C147369-E7BA-413B-9178-BBA77D636AF0}"
EndProject
Project("{F184B08F-C81C-45F6-A57F-5ABD9991F28F}") = "Framework.BaseClasses", "Framework.BaseClasses\Framework.BaseClasses.vbproj", "{3C011E34-1BBE-41F8-B312-767070E9EEDD}"
EndProject
Project("{F184B08F-C81C-45F6-A57F-5ABD9991F28F}") = "ArmyEditor.ViewModels", "ArmyEditor.ViewModels\ArmyEditor.ViewModels.vbproj", "{BDDBBB84-756B-4D46-ABF8-3049FB56298E}"
EndProject
Project("{F184B08F-C81C-45F6-A57F-5ABD9991F28F}") = "ArmyEditor", "ArmyEditor\ArmyEditor.vbproj", "{67A7904F-9ABF-4A0E-8B6D-757014D4949A}"
EndProject
Project("{F184B08F-C81C-45F6-A57F-5ABD9991F28F}") = "DataLayer.Core", "DataLayer\DataLayer.Core.vbproj", "{D6AB21B4-B6D7-4C24-BA43-7969BD8C55EC}"
EndProject
Project("{F184B08F-C81C-45F6-A57F-5ABD9991F28F}") = "Datalayer.Models", "Data.Models\Datalayer.Models.vbproj", "{4568D9E0-D72C-4C7F-84EF-61693A62A270}"
EndProject
Project("{F184B08F-C81C-45F6-A57F-5ABD9991F28F}") = "AgileGuiTester", "AgileGuiTester\AgileGuiTester.vbproj", "{A2EFE2A6-3558-421E-9D1F-EFB19D81E211}"
EndProject
Global
	GlobalSection(SolutionConfigurationPlatforms) = preSolution
		Debug|Any CPU = Debug|Any CPU
		Debug|Mixed Platforms = Debug|Mixed Platforms
		Debug|x86 = Debug|x86
		Release|Any CPU = Release|Any CPU
		Release|Mixed Platforms = Release|Mixed Platforms
		Release|x86 = Release|x86
	EndGlobalSection
	GlobalSection(ProjectConfigurationPlatforms) = postSolution
		{A059A615-A537-46C9-B2BB-7B6D83C06101}.Debug|Any CPU.ActiveCfg = Debug|Any CPU
		{A059A615-A537-46C9-B2BB-7B6D83C06101}.Debug|Any CPU.Build.0 = Debug|Any CPU
		{A059A615-A537-46C9-B2BB-7B6D83C06101}.Debug|Mixed Platforms.ActiveCfg = Debug|Any CPU
		{A059A615-A537-46C9-B2BB-7B6D83C06101}.Debug|Mixed Platforms.Build.0 = Debug|Any CPU
		{A059A615-A537-46C9-B2BB-7B6D83C06101}.Debug|x86.ActiveCfg = Debug|Any CPU
		{A059A615-A537-46C9-B2BB-7B6D83C06101}.Release|Any CPU.ActiveCfg = Release|Any CPU
		{A059A615-A537-46C9-B2BB-7B6D83C06101}.Release|Any CPU.Build.0 = Release|Any CPU
		{A059A615-A537-46C9-B2BB-7B6D83C06101}.Release|Mixed Platforms.ActiveCfg = Release|Any CPU
		{A059A615-A537-46C9-B2BB-7B6D83C06101}.Release|Mixed Platforms.Build.0 = Release|Any CPU
		{A059A615-A537-46C9-B2BB-7B6D83C06101}.Release|x86.ActiveCfg = Release|Any CPU
		{B5285F38-9C91-46AD-9953-285392C5AFBC}.Debug|Any CPU.ActiveCfg = Debug|x86
		{B5285F38-9C91-46AD-9953-285392C5AFBC}.Debug|Mixed Platforms.ActiveCfg = Debug|x86
		{B5285F38-9C91-46AD-9953-285392C5AFBC}.Debug|Mixed Platforms.Build.0 = Debug|x86
		{B5285F38-9C91-46AD-9953-285392C5AFBC}.Debug|x86.ActiveCfg = Debug|x86
		{B5285F38-9C91-46AD-9953-285392C5AFBC}.Debug|x86.Build.0 = Debug|x86
		{B5285F38-9C91-46AD-9953-285392C5AFBC}.Release|Any CPU.ActiveCfg = Release|x86
		{B5285F38-9C91-46AD-9953-285392C5AFBC}.Release|Mixed Platforms.ActiveCfg = Release|x86
		{B5285F38-9C91-46AD-9953-285392C5AFBC}.Release|Mixed Platforms.Build.0 = Release|x86
		{B5285F38-9C91-46AD-9953-285392C5AFBC}.Release|x86.ActiveCfg = Release|x86
		{B5285F38-9C91-46AD-9953-285392C5AFBC}.Release|x86.Build.0 = Release|x86
		{6C147369-E7BA-413B-9178-BBA77D636AF0}.Debug|Any CPU.ActiveCfg = Debug|Any CPU
		{6C147369-E7BA-413B-9178-BBA77D636AF0}.Debug|Any CPU.Build.0 = Debug|Any CPU
		{6C147369-E7BA-413B-9178-BBA77D636AF0}.Debug|Mixed Platforms.ActiveCfg = Debug|Any CPU
		{6C147369-E7BA-413B-9178-BBA77D636AF0}.Debug|Mixed Platforms.Build.0 = Debug|Any CPU
		{6C147369-E7BA-413B-9178-BBA77D636AF0}.Debug|x86.ActiveCfg = Debug|Any CPU
		{6C147369-E7BA-413B-9178-BBA77D636AF0}.Release|Any CPU.ActiveCfg = Release|Any CPU
		{6C147369-E7BA-413B-9178-BBA77D636AF0}.Release|Any CPU.Build.0 = Release|Any CPU
		{6C147369-E7BA-413B-9178-BBA77D636AF0}.Release|Mixed Platforms.ActiveCfg = Release|Any CPU
		{6C147369-E7BA-413B-9178-BBA77D636AF0}.Release|Mixed Platforms.Build.0 = Release|Any CPU
		{6C147369-E7BA-413B-9178-BBA77D636AF0}.Release|x86.ActiveCfg = Release|Any CPU
		{3C011E34-1BBE-41F8-B312-767070E9EEDD}.Debug|Any CPU.ActiveCfg = Debug|Any CPU
		{3C011E34-1BBE-41F8-B312-767070E9EEDD}.Debug|Any CPU.Build.0 = Debug|Any CPU
		{3C011E34-1BBE-41F8-B312-767070E9EEDD}.Debug|Mixed Platforms.ActiveCfg = Debug|Any CPU
		{3C011E34-1BBE-41F8-B312-767070E9EEDD}.Debug|Mixed Platforms.Build.0 = Debug|Any CPU
		{3C011E34-1BBE-41F8-B312-767070E9EEDD}.Debug|x86.ActiveCfg = Debug|Any CPU
		{3C011E34-1BBE-41F8-B312-767070E9EEDD}.Release|Any CPU.ActiveCfg = Release|Any CPU
		{3C011E34-1BBE-41F8-B312-767070E9EEDD}.Release|Any CPU.Build.0 = Release|Any CPU
		{3C011E34-1BBE-41F8-B312-767070E9EEDD}.Release|Mixed Platforms.ActiveCfg = Release|Any CPU
		{3C011E34-1BBE-41F8-B312-767070E9EEDD}.Release|Mixed Platforms.Build.0 = Release|Any CPU
		{3C011E34-1BBE-41F8-B312-767070E9EEDD}.Release|x86.ActiveCfg = Release|Any CPU
		{BDDBBB84-756B-4D46-ABF8-3049FB56298E}.Debug|Any CPU.ActiveCfg = Debug|Any CPU
		{BDDBBB84-756B-4D46-ABF8-3049FB56298E}.Debug|Any CPU.Build.0 = Debug|Any CPU
		{BDDBBB84-756B-4D46-ABF8-3049FB56298E}.Debug|Mixed Platforms.ActiveCfg = Debug|Any CPU
		{BDDBBB84-756B-4D46-ABF8-3049FB56298E}.Debug|Mixed Platforms.Build.0 = Debug|Any CPU
		{BDDBBB84-756B-4D46-ABF8-3049FB56298E}.Debug|x86.ActiveCfg = Debug|Any CPU
		{BDDBBB84-756B-4D46-ABF8-3049FB56298E}.Release|Any CPU.ActiveCfg = Release|Any CPU
		{BDDBBB84-756B-4D46-ABF8-3049FB56298E}.Release|Any CPU.Build.0 = Release|Any CPU
		{BDDBBB84-756B-4D46-ABF8-3049FB56298E}.Release|Mixed Platforms.ActiveCfg = Release|Any CPU
		{BDDBBB84-756B-4D46-ABF8-3049FB56298E}.Release|Mixed Platforms.Build.0 = Release|Any CPU
		{BDDBBB84-756B-4D46-ABF8-3049FB56298E}.Release|x86.ActiveCfg = Release|Any CPU
		{67A7904F-9ABF-4A0E-8B6D-757014D4949A}.Debug|Any CPU.ActiveCfg = Debug|x86
		{67A7904F-9ABF-4A0E-8B6D-757014D4949A}.Debug|Mixed Platforms.ActiveCfg = Debug|x86
		{67A7904F-9ABF-4A0E-8B6D-757014D4949A}.Debug|Mixed Platforms.Build.0 = Debug|x86
		{67A7904F-9ABF-4A0E-8B6D-757014D4949A}.Debug|x86.ActiveCfg = Debug|x86
		{67A7904F-9ABF-4A0E-8B6D-757014D4949A}.Debug|x86.Build.0 = Debug|x86
		{67A7904F-9ABF-4A0E-8B6D-757014D4949A}.Release|Any CPU.ActiveCfg = Release|x86
		{67A7904F-9ABF-4A0E-8B6D-757014D4949A}.Release|Mixed Platforms.ActiveCfg = Release|x86
		{67A7904F-9ABF-4A0E-8B6D-757014D4949A}.Release|Mixed Platforms.Build.0 = Release|x86
		{67A7904F-9ABF-4A0E-8B6D-757014D4949A}.Release|x86.ActiveCfg = Release|x86
		{67A7904F-9ABF-4A0E-8B6D-757014D4949A}.Release|x86.Build.0 = Release|x86
		{D6AB21B4-B6D7-4C24-BA43-7969BD8C55EC}.Debug|Any CPU.ActiveCfg = Debug|Any CPU
		{D6AB21B4-B6D7-4C24-BA43-7969BD8C55EC}.Debug|Any CPU.Build.0 = Debug|Any CPU
		{D6AB21B4-B6D7-4C24-BA43-7969BD8C55EC}.Debug|Mixed Platforms.ActiveCfg = Debug|Any CPU
		{D6AB21B4-B6D7-4C24-BA43-7969BD8C55EC}.Debug|Mixed Platforms.Build.0 = Debug|Any CPU
		{D6AB21B4-B6D7-4C24-BA43-7969BD8C55EC}.Debug|x86.ActiveCfg = Debug|Any CPU
		{D6AB21B4-B6D7-4C24-BA43-7969BD8C55EC}.Release|Any CPU.ActiveCfg = Release|Any CPU
		{D6AB21B4-B6D7-4C24-BA43-7969BD8C55EC}.Release|Any CPU.Build.0 = Release|Any CPU
		{D6AB21B4-B6D7-4C24-BA43-7969BD8C55EC}.Release|Mixed Platforms.ActiveCfg = Release|Any CPU
		{D6AB21B4-B6D7-4C24-BA43-7969BD8C55EC}.Release|Mixed Platforms.Build.0 = Release|Any CPU
		{D6AB21B4-B6D7-4C24-BA43-7969BD8C55EC}.Release|x86.ActiveCfg = Release|Any CPU
		{4568D9E0-D72C-4C7F-84EF-61693A62A270}.Debug|Any CPU.ActiveCfg = Debug|Any CPU
		{4568D9E0-D72C-4C7F-84EF-61693A62A270}.Debug|Any CPU.Build.0 = Debug|Any CPU
		{4568D9E0-D72C-4C7F-84EF-61693A62A270}.Debug|Mixed Platforms.ActiveCfg = Debug|Any CPU
		{4568D9E0-D72C-4C7F-84EF-61693A62A270}.Debug|Mixed Platforms.Build.0 = Debug|Any CPU
		{4568D9E0-D72C-4C7F-84EF-61693A62A270}.Debug|x86.ActiveCfg = Debug|Any CPU
		{4568D9E0-D72C-4C7F-84EF-61693A62A270}.Release|Any CPU.ActiveCfg = Release|Any CPU
		{4568D9E0-D72C-4C7F-84EF-61693A62A270}.Release|Any CPU.Build.0 = Release|Any CPU
		{4568D9E0-D72C-4C7F-84EF-61693A62A270}.Release|Mixed Platforms.ActiveCfg = Release|Any CPU
		{4568D9E0-D72C-4C7F-84EF-61693A62A270}.Release|Mixed Platforms.Build.0 = Release|Any CPU
		{4568D9E0-D72C-4C7F-84EF-61693A62A270}.Release|x86.ActiveCfg = Release|Any CPU
		{A2EFE2A6-3558-421E-9D1F-EFB19D81E211}.Debug|Any CPU.ActiveCfg = Debug|x86
		{A2EFE2A6-3558-421E-9D1F-EFB19D81E211}.Debug|Mixed Platforms.ActiveCfg = Debug|x86
		{A2EFE2A6-3558-421E-9D1F-EFB19D81E211}.Debug|Mixed Platforms.Build.0 = Debug|x86
		{A2EFE2A6-3558-421E-9D1F-EFB19D81E211}.Debug|x86.ActiveCfg = Debug|x86
		{A2EFE2A6-3558-421E-9D1F-EFB19D81E211}.Debug|x86.Build.0 = Debug|x86
		{A2EFE2A6-3558-421E-9D1F-EFB19D81E211}.Release|Any CPU.ActiveCfg = Release|x86
		{A2EFE2A6-3558-421E-9D1F-EFB19D81E211}.Release|Mixed Platforms.ActiveCfg = Release|x86
		{A2EFE2A6-3558-421E-9D1F-EFB19D81E211}.Release|Mixed Platforms.Build.0 = Release|x86
		{A2EFE2A6-3558-421E-9D1F-EFB19D81E211}.Release|x86.ActiveCfg = Release|x86
		{A2EFE2A6-3558-421E-9D1F-EFB19D81E211}.Release|x86.Build.0 = Release|x86
	EndGlobalSection
	GlobalSection(SolutionProperties) = preSolution
		HideSolutionNode = FALSE
	EndGlobalSection
EndGlobal
